// !$*UTF8*$!
{
	archiveVersion = 1;
	classes = {
	};
	objectVersion = 51;
	objects = {

/* Begin PBXBuildFile section */
		0FCD6542D44DA19A486F6728 /* Pods_LittleLife.framework in Frameworks */ = {isa = PBXBuildFile; fileRef = 94A63B505134ED5CAE1B5898 /* Pods_LittleLife.framework */; };
		1808BCC923605D3D0066D4BF /* Issue.swift in Sources */ = {isa = PBXBuildFile; fileRef = 1808BCC823605D3D0066D4BF /* Issue.swift */; };
		1808BCCB23605E250066D4BF /* User.swift in Sources */ = {isa = PBXBuildFile; fileRef = 1808BCCA23605E250066D4BF /* User.swift */; };
		1808BCCD23605E3E0066D4BF /* Comment.swift in Sources */ = {isa = PBXBuildFile; fileRef = 1808BCCC23605E3E0066D4BF /* Comment.swift */; };
		1808BCD0236064620066D4BF /* ViewController+LoadingViewable.swift in Sources */ = {isa = PBXBuildFile; fileRef = 1808BCCF236064620066D4BF /* ViewController+LoadingViewable.swift */; };
		182632BA235EA8A30024825B /* ListViewController.swift in Sources */ = {isa = PBXBuildFile; fileRef = 182632B9235EA8A30024825B /* ListViewController.swift */; };
		182632BC235EA8B20024825B /* DetailViewController.swift in Sources */ = {isa = PBXBuildFile; fileRef = 182632BB235EA8B20024825B /* DetailViewController.swift */; };
		188521CF236055A70075E3E6 /* APIManager.swift in Sources */ = {isa = PBXBuildFile; fileRef = 188521CE236055A70075E3E6 /* APIManager.swift */; };
		188521D1236055B40075E3E6 /* ListViewModel.swift in Sources */ = {isa = PBXBuildFile; fileRef = 188521D0236055B40075E3E6 /* ListViewModel.swift */; };
		188521D3236055C20075E3E6 /* DetailViewModel.swift in Sources */ = {isa = PBXBuildFile; fileRef = 188521D2236055C20075E3E6 /* DetailViewModel.swift */; };
		188521D5236055DB0075E3E6 /* LoginViewModel.swift in Sources */ = {isa = PBXBuildFile; fileRef = 188521D4236055DB0075E3E6 /* LoginViewModel.swift */; };
		18981968235DB2DD0015ED66 /* AppDelegate.swift in Sources */ = {isa = PBXBuildFile; fileRef = 18981967235DB2DD0015ED66 /* AppDelegate.swift */; };
		1898196A235DB2DD0015ED66 /* SceneDelegate.swift in Sources */ = {isa = PBXBuildFile; fileRef = 18981969235DB2DD0015ED66 /* SceneDelegate.swift */; };
		1898196C235DB2DD0015ED66 /* LoginViewController.swift in Sources */ = {isa = PBXBuildFile; fileRef = 1898196B235DB2DD0015ED66 /* LoginViewController.swift */; };
		1898196F235DB2DD0015ED66 /* Main.storyboard in Resources */ = {isa = PBXBuildFile; fileRef = 1898196D235DB2DD0015ED66 /* Main.storyboard */; };
		18981971235DB2DF0015ED66 /* Assets.xcassets in Resources */ = {isa = PBXBuildFile; fileRef = 18981970235DB2DF0015ED66 /* Assets.xcassets */; };
		18981974235DB2DF0015ED66 /* LaunchScreen.storyboard in Resources */ = {isa = PBXBuildFile; fileRef = 18981972235DB2DF0015ED66 /* LaunchScreen.storyboard */; };
		18ADE35E2362944400E505F5 /* GetIssuesByPage.graphql in Sources */ = {isa = PBXBuildFile; fileRef = 18ADE35D2362944400E505F5 /* GetIssuesByPage.graphql */; };
		18ADE360236299BB00E505F5 /* BaseModel.swift in Sources */ = {isa = PBXBuildFile; fileRef = 18ADE35F236299BB00E505F5 /* BaseModel.swift */; };
		18ADE3622362B53300E505F5 /* GetIssuesByPage.graphql in Resources */ = {isa = PBXBuildFile; fileRef = 18ADE35D2362944400E505F5 /* GetIssuesByPage.graphql */; };
		18ADE3642362D63300E505F5 /* IssueSummaryTableViewCell.swift in Sources */ = {isa = PBXBuildFile; fileRef = 18ADE3632362D63300E505F5 /* IssueSummaryTableViewCell.swift */; };
		18ADE3662362DE4B00E505F5 /* BaseViewModel.swift in Sources */ = {isa = PBXBuildFile; fileRef = 18ADE3652362DE4B00E505F5 /* BaseViewModel.swift */; };
		18ADE36A2362EBD600E505F5 /* Label.swift in Sources */ = {isa = PBXBuildFile; fileRef = 18ADE3692362EBD600E505F5 /* Label.swift */; };
		18ADE36E2362F27E00E505F5 /* IssueAuthorTableViewCell.swift in Sources */ = {isa = PBXBuildFile; fileRef = 18ADE36D2362F27E00E505F5 /* IssueAuthorTableViewCell.swift */; };
		18ADE3702362F29A00E505F5 /* CommentTableViewCell.swift in Sources */ = {isa = PBXBuildFile; fileRef = 18ADE36F2362F29A00E505F5 /* CommentTableViewCell.swift */; };
		18ADE3722362F2A300E505F5 /* LabelTableViewCell.swift in Sources */ = {isa = PBXBuildFile; fileRef = 18ADE3712362F2A300E505F5 /* LabelTableViewCell.swift */; };
		18ADE3742362F2B300E505F5 /* AssigneeTableViewCell.swift in Sources */ = {isa = PBXBuildFile; fileRef = 18ADE3732362F2B300E505F5 /* AssigneeTableViewCell.swift */; };
		18ADE3762362F6CA00E505F5 /* UIColor+Hex.swift in Sources */ = {isa = PBXBuildFile; fileRef = 18ADE3752362F6CA00E505F5 /* UIColor+Hex.swift */; };
		18CA277523640972001D6ECB /* GetIssueDetail.graphql in Resources */ = {isa = PBXBuildFile; fileRef = 18ADE3672362DF5600E505F5 /* GetIssueDetail.graphql */; };
		18CA27772364129B001D6ECB /* DetailViewController+ConfigureCells.swift in Sources */ = {isa = PBXBuildFile; fileRef = 18CA27762364129B001D6ECB /* DetailViewController+ConfigureCells.swift */; };
		18CA2779236420BC001D6ECB /* Login.graphql in Resources */ = {isa = PBXBuildFile; fileRef = 18CA2778236420BC001D6ECB /* Login.graphql */; };
		18E71BF623618B85000A9B99 /* CommonVariables.swift in Sources */ = {isa = PBXBuildFile; fileRef = 18E71BF523618B85000A9B99 /* CommonVariables.swift */; };
/* End PBXBuildFile section */

/* Begin PBXFileReference section */
		1808BCC823605D3D0066D4BF /* Issue.swift */ = {isa = PBXFileReference; lastKnownFileType = sourcecode.swift; path = Issue.swift; sourceTree = "<group>"; };
		1808BCCA23605E250066D4BF /* User.swift */ = {isa = PBXFileReference; lastKnownFileType = sourcecode.swift; path = User.swift; sourceTree = "<group>"; };
		1808BCCC23605E3E0066D4BF /* Comment.swift */ = {isa = PBXFileReference; lastKnownFileType = sourcecode.swift; path = Comment.swift; sourceTree = "<group>"; };
		1808BCCF236064620066D4BF /* ViewController+LoadingViewable.swift */ = {isa = PBXFileReference; lastKnownFileType = sourcecode.swift; path = "ViewController+LoadingViewable.swift"; sourceTree = "<group>"; };
		182632B9235EA8A30024825B /* ListViewController.swift */ = {isa = PBXFileReference; lastKnownFileType = sourcecode.swift; path = ListViewController.swift; sourceTree = "<group>"; };
		182632BB235EA8B20024825B /* DetailViewController.swift */ = {isa = PBXFileReference; lastKnownFileType = sourcecode.swift; path = DetailViewController.swift; sourceTree = "<group>"; };
		188521CE236055A70075E3E6 /* APIManager.swift */ = {isa = PBXFileReference; lastKnownFileType = sourcecode.swift; path = APIManager.swift; sourceTree = "<group>"; };
		188521D0236055B40075E3E6 /* ListViewModel.swift */ = {isa = PBXFileReference; lastKnownFileType = sourcecode.swift; path = ListViewModel.swift; sourceTree = "<group>"; };
		188521D2236055C20075E3E6 /* DetailViewModel.swift */ = {isa = PBXFileReference; lastKnownFileType = sourcecode.swift; path = DetailViewModel.swift; sourceTree = "<group>"; };
		188521D4236055DB0075E3E6 /* LoginViewModel.swift */ = {isa = PBXFileReference; lastKnownFileType = sourcecode.swift; path = LoginViewModel.swift; sourceTree = "<group>"; };
		18981964235DB2DD0015ED66 /* LittleLife.app */ = {isa = PBXFileReference; explicitFileType = wrapper.application; includeInIndex = 0; path = LittleLife.app; sourceTree = BUILT_PRODUCTS_DIR; };
		18981967235DB2DD0015ED66 /* AppDelegate.swift */ = {isa = PBXFileReference; lastKnownFileType = sourcecode.swift; path = AppDelegate.swift; sourceTree = "<group>"; };
		18981969235DB2DD0015ED66 /* SceneDelegate.swift */ = {isa = PBXFileReference; lastKnownFileType = sourcecode.swift; path = SceneDelegate.swift; sourceTree = "<group>"; };
		1898196B235DB2DD0015ED66 /* LoginViewController.swift */ = {isa = PBXFileReference; lastKnownFileType = sourcecode.swift; path = LoginViewController.swift; sourceTree = "<group>"; };
		1898196E235DB2DD0015ED66 /* Base */ = {isa = PBXFileReference; lastKnownFileType = file.storyboard; name = Base; path = Base.lproj/Main.storyboard; sourceTree = "<group>"; };
		18981970235DB2DF0015ED66 /* Assets.xcassets */ = {isa = PBXFileReference; lastKnownFileType = folder.assetcatalog; path = Assets.xcassets; sourceTree = "<group>"; };
		18981973235DB2DF0015ED66 /* Base */ = {isa = PBXFileReference; lastKnownFileType = file.storyboard; name = Base; path = Base.lproj/LaunchScreen.storyboard; sourceTree = "<group>"; };
		18981975235DB2DF0015ED66 /* Info.plist */ = {isa = PBXFileReference; lastKnownFileType = text.plist.xml; path = Info.plist; sourceTree = "<group>"; };
		18ADE35D2362944400E505F5 /* GetIssuesByPage.graphql */ = {isa = PBXFileReference; lastKnownFileType = text; path = GetIssuesByPage.graphql; sourceTree = "<group>"; };
		18ADE35F236299BB00E505F5 /* BaseModel.swift */ = {isa = PBXFileReference; lastKnownFileType = sourcecode.swift; path = BaseModel.swift; sourceTree = "<group>"; };
		18ADE3632362D63300E505F5 /* IssueSummaryTableViewCell.swift */ = {isa = PBXFileReference; lastKnownFileType = sourcecode.swift; path = IssueSummaryTableViewCell.swift; sourceTree = "<group>"; };
		18ADE3652362DE4B00E505F5 /* BaseViewModel.swift */ = {isa = PBXFileReference; lastKnownFileType = sourcecode.swift; path = BaseViewModel.swift; sourceTree = "<group>"; };
		18ADE3672362DF5600E505F5 /* GetIssueDetail.graphql */ = {isa = PBXFileReference; lastKnownFileType = text; path = GetIssueDetail.graphql; sourceTree = "<group>"; };
		18ADE3692362EBD600E505F5 /* Label.swift */ = {isa = PBXFileReference; lastKnownFileType = sourcecode.swift; path = Label.swift; sourceTree = "<group>"; };
		18ADE36D2362F27E00E505F5 /* IssueAuthorTableViewCell.swift */ = {isa = PBXFileReference; lastKnownFileType = sourcecode.swift; path = IssueAuthorTableViewCell.swift; sourceTree = "<group>"; };
		18ADE36F2362F29A00E505F5 /* CommentTableViewCell.swift */ = {isa = PBXFileReference; lastKnownFileType = sourcecode.swift; path = CommentTableViewCell.swift; sourceTree = "<group>"; };
		18ADE3712362F2A300E505F5 /* LabelTableViewCell.swift */ = {isa = PBXFileReference; lastKnownFileType = sourcecode.swift; path = LabelTableViewCell.swift; sourceTree = "<group>"; };
		18ADE3732362F2B300E505F5 /* AssigneeTableViewCell.swift */ = {isa = PBXFileReference; lastKnownFileType = sourcecode.swift; path = AssigneeTableViewCell.swift; sourceTree = "<group>"; };
		18ADE3752362F6CA00E505F5 /* UIColor+Hex.swift */ = {isa = PBXFileReference; lastKnownFileType = sourcecode.swift; path = "UIColor+Hex.swift"; sourceTree = "<group>"; };
		18CA27762364129B001D6ECB /* DetailViewController+ConfigureCells.swift */ = {isa = PBXFileReference; lastKnownFileType = sourcecode.swift; path = "DetailViewController+ConfigureCells.swift"; sourceTree = "<group>"; };
		18CA2778236420BC001D6ECB /* Login.graphql */ = {isa = PBXFileReference; lastKnownFileType = text; path = Login.graphql; sourceTree = "<group>"; };
		18E71BF523618B85000A9B99 /* CommonVariables.swift */ = {isa = PBXFileReference; lastKnownFileType = sourcecode.swift; path = CommonVariables.swift; sourceTree = "<group>"; };
		94A63B505134ED5CAE1B5898 /* Pods_LittleLife.framework */ = {isa = PBXFileReference; explicitFileType = wrapper.framework; includeInIndex = 0; path = Pods_LittleLife.framework; sourceTree = BUILT_PRODUCTS_DIR; };
		E8D00AFB9931DE7E31757CA0 /* Pods-LittleLife.release.xcconfig */ = {isa = PBXFileReference; includeInIndex = 1; lastKnownFileType = text.xcconfig; name = "Pods-LittleLife.release.xcconfig"; path = "Target Support Files/Pods-LittleLife/Pods-LittleLife.release.xcconfig"; sourceTree = "<group>"; };
		F8E663C85FC67F8068D84076 /* Pods-LittleLife.debug.xcconfig */ = {isa = PBXFileReference; includeInIndex = 1; lastKnownFileType = text.xcconfig; name = "Pods-LittleLife.debug.xcconfig"; path = "Target Support Files/Pods-LittleLife/Pods-LittleLife.debug.xcconfig"; sourceTree = "<group>"; };
/* End PBXFileReference section */

/* Begin PBXFrameworksBuildPhase section */
		18981961235DB2DD0015ED66 /* Frameworks */ = {
			isa = PBXFrameworksBuildPhase;
			buildActionMask = 2147483647;
			files = (
				0FCD6542D44DA19A486F6728 /* Pods_LittleLife.framework in Frameworks */,
			);
			runOnlyForDeploymentPostprocessing = 0;
		};
/* End PBXFrameworksBuildPhase section */

/* Begin PBXGroup section */
		1808BCCE236064210066D4BF /* Controllers */ = {
			isa = PBXGroup;
			children = (
				1808BCCF236064620066D4BF /* ViewController+LoadingViewable.swift */,
				1898196B235DB2DD0015ED66 /* LoginViewController.swift */,
				182632B9235EA8A30024825B /* ListViewController.swift */,
				182632BB235EA8B20024825B /* DetailViewController.swift */,
				18CA27762364129B001D6ECB /* DetailViewController+ConfigureCells.swift */,
				1898196D235DB2DD0015ED66 /* Main.storyboard */,
			);
			path = Controllers;
			sourceTree = "<group>";
		};
		188521CA2360556D0075E3E6 /* Views */ = {
			isa = PBXGroup;
			children = (
				18ADE3612362B36500E505F5 /* Cells */,
				1808BCCE236064210066D4BF /* Controllers */,
			);
			path = Views;
			sourceTree = "<group>";
		};
		188521CB236055800075E3E6 /* Models */ = {
			isa = PBXGroup;
			children = (
				18ADE35F236299BB00E505F5 /* BaseModel.swift */,
				1808BCC823605D3D0066D4BF /* Issue.swift */,
				1808BCCA23605E250066D4BF /* User.swift */,
				1808BCCC23605E3E0066D4BF /* Comment.swift */,
				18ADE3692362EBD600E505F5 /* Label.swift */,
			);
			path = Models;
			sourceTree = "<group>";
		};
		188521CC236055870075E3E6 /* ViewModels */ = {
			isa = PBXGroup;
			children = (
				18ADE3652362DE4B00E505F5 /* BaseViewModel.swift */,
				188521D4236055DB0075E3E6 /* LoginViewModel.swift */,
				188521D0236055B40075E3E6 /* ListViewModel.swift */,
				188521D2236055C20075E3E6 /* DetailViewModel.swift */,
			);
			path = ViewModels;
			sourceTree = "<group>";
		};
		188521CD236055920075E3E6 /* Helper */ = {
			isa = PBXGroup;
			children = (
				18ADE35C2362942700E505F5 /* Queries */,
				188521CE236055A70075E3E6 /* APIManager.swift */,
				18E71BF523618B85000A9B99 /* CommonVariables.swift */,
				18ADE3752362F6CA00E505F5 /* UIColor+Hex.swift */,
			);
			path = Helper;
			sourceTree = "<group>";
		};
		1898195B235DB2DD0015ED66 = {
			isa = PBXGroup;
			children = (
				18981966235DB2DD0015ED66 /* LittleLife */,
				18981965235DB2DD0015ED66 /* Products */,
				D2BF732B593B17373242E7DA /* Pods */,
				CE72B140EB22F9941FE4AB55 /* Frameworks */,
			);
			sourceTree = "<group>";
		};
		18981965235DB2DD0015ED66 /* Products */ = {
			isa = PBXGroup;
			children = (
				18981964235DB2DD0015ED66 /* LittleLife.app */,
			);
			name = Products;
			sourceTree = "<group>";
		};
		18981966235DB2DD0015ED66 /* LittleLife */ = {
			isa = PBXGroup;
			children = (
				188521CD236055920075E3E6 /* Helper */,
				188521CC236055870075E3E6 /* ViewModels */,
				188521CB236055800075E3E6 /* Models */,
				188521CA2360556D0075E3E6 /* Views */,
				18981967235DB2DD0015ED66 /* AppDelegate.swift */,
				18981969235DB2DD0015ED66 /* SceneDelegate.swift */,
				18981970235DB2DF0015ED66 /* Assets.xcassets */,
				18981972235DB2DF0015ED66 /* LaunchScreen.storyboard */,
				18981975235DB2DF0015ED66 /* Info.plist */,
			);
			path = LittleLife;
			sourceTree = "<group>";
		};
		18ADE35C2362942700E505F5 /* Queries */ = {
			isa = PBXGroup;
			children = (
				18ADE35D2362944400E505F5 /* GetIssuesByPage.graphql */,
				18ADE3672362DF5600E505F5 /* GetIssueDetail.graphql */,
				18CA2778236420BC001D6ECB /* Login.graphql */,
			);
			path = Queries;
			sourceTree = "<group>";
		};
		18ADE3612362B36500E505F5 /* Cells */ = {
			isa = PBXGroup;
			children = (
				18ADE3632362D63300E505F5 /* IssueSummaryTableViewCell.swift */,
				18ADE36D2362F27E00E505F5 /* IssueAuthorTableViewCell.swift */,
				18ADE36F2362F29A00E505F5 /* CommentTableViewCell.swift */,
				18ADE3712362F2A300E505F5 /* LabelTableViewCell.swift */,
				18ADE3732362F2B300E505F5 /* AssigneeTableViewCell.swift */,
			);
			path = Cells;
			sourceTree = "<group>";
		};
		CE72B140EB22F9941FE4AB55 /* Frameworks */ = {
			isa = PBXGroup;
			children = (
				94A63B505134ED5CAE1B5898 /* Pods_LittleLife.framework */,
			);
			name = Frameworks;
			sourceTree = "<group>";
		};
		D2BF732B593B17373242E7DA /* Pods */ = {
			isa = PBXGroup;
			children = (
				F8E663C85FC67F8068D84076 /* Pods-LittleLife.debug.xcconfig */,
				E8D00AFB9931DE7E31757CA0 /* Pods-LittleLife.release.xcconfig */,
			);
			path = Pods;
			sourceTree = "<group>";
		};
/* End PBXGroup section */

/* Begin PBXNativeTarget section */
		18981963235DB2DD0015ED66 /* LittleLife */ = {
			isa = PBXNativeTarget;
			buildConfigurationList = 18981978235DB2DF0015ED66 /* Build configuration list for PBXNativeTarget "LittleLife" */;
			buildPhases = (
				FC8EFBCFA31541C17CD5C384 /* [CP] Check Pods Manifest.lock */,
				18981960235DB2DD0015ED66 /* Sources */,
				18981961235DB2DD0015ED66 /* Frameworks */,
				18981962235DB2DD0015ED66 /* Resources */,
				82B0604769DA95D44E49103B /* [CP] Embed Pods Frameworks */,
			);
			buildRules = (
			);
			dependencies = (
			);
			name = LittleLife;
			productName = LittleLife;
			productReference = 18981964235DB2DD0015ED66 /* LittleLife.app */;
			productType = "com.apple.product-type.application";
		};
/* End PBXNativeTarget section */

/* Begin PBXProject section */
		1898195C235DB2DD0015ED66 /* Project object */ = {
			isa = PBXProject;
			attributes = {
				LastSwiftUpdateCheck = 1110;
				LastUpgradeCheck = 1110;
				ORGANIZATIONNAME = ThuTrangT5;
				TargetAttributes = {
					18981963235DB2DD0015ED66 = {
						CreatedOnToolsVersion = 11.1;
					};
				};
			};
			buildConfigurationList = 1898195F235DB2DD0015ED66 /* Build configuration list for PBXProject "LittleLife" */;
			compatibilityVersion = "Xcode 9.3";
			developmentRegion = en;
			hasScannedForEncodings = 0;
			knownRegions = (
				en,
				Base,
			);
			mainGroup = 1898195B235DB2DD0015ED66;
			productRefGroup = 18981965235DB2DD0015ED66 /* Products */;
			projectDirPath = "";
			projectRoot = "";
			targets = (
				18981963235DB2DD0015ED66 /* LittleLife */,
			);
		};
/* End PBXProject section */

/* Begin PBXResourcesBuildPhase section */
		18981962235DB2DD0015ED66 /* Resources */ = {
			isa = PBXResourcesBuildPhase;
			buildActionMask = 2147483647;
			files = (
				18CA277523640972001D6ECB /* GetIssueDetail.graphql in Resources */,
				18CA2779236420BC001D6ECB /* Login.graphql in Resources */,
				18ADE3622362B53300E505F5 /* GetIssuesByPage.graphql in Resources */,
				18981974235DB2DF0015ED66 /* LaunchScreen.storyboard in Resources */,
				18981971235DB2DF0015ED66 /* Assets.xcassets in Resources */,
				1898196F235DB2DD0015ED66 /* Main.storyboard in Resources */,
			);
			runOnlyForDeploymentPostprocessing = 0;
		};
/* End PBXResourcesBuildPhase section */

/* Begin PBXShellScriptBuildPhase section */
		82B0604769DA95D44E49103B /* [CP] Embed Pods Frameworks */ = {
			isa = PBXShellScriptBuildPhase;
			buildActionMask = 2147483647;
			files = (
			);
			inputFileListPaths = (
				"${PODS_ROOT}/Target Support Files/Pods-LittleLife/Pods-LittleLife-frameworks-${CONFIGURATION}-input-files.xcfilelist",
			);
			name = "[CP] Embed Pods Frameworks";
			outputFileListPaths = (
				"${PODS_ROOT}/Target Support Files/Pods-LittleLife/Pods-LittleLife-frameworks-${CONFIGURATION}-output-files.xcfilelist",
			);
			runOnlyForDeploymentPostprocessing = 0;
			shellPath = /bin/sh;
			shellScript = "\"${PODS_ROOT}/Target Support Files/Pods-LittleLife/Pods-LittleLife-frameworks.sh\"\n";
			showEnvVarsInLog = 0;
		};
		FC8EFBCFA31541C17CD5C384 /* [CP] Check Pods Manifest.lock */ = {
			isa = PBXShellScriptBuildPhase;
			buildActionMask = 2147483647;
			files = (
			);
			inputFileListPaths = (
			);
			inputPaths = (
				"${PODS_PODFILE_DIR_PATH}/Podfile.lock",
				"${PODS_ROOT}/Manifest.lock",
			);
			name = "[CP] Check Pods Manifest.lock";
			outputFileListPaths = (
			);
			outputPaths = (
				"$(DERIVED_FILE_DIR)/Pods-LittleLife-checkManifestLockResult.txt",
			);
			runOnlyForDeploymentPostprocessing = 0;
			shellPath = /bin/sh;
			shellScript = "diff \"${PODS_PODFILE_DIR_PATH}/Podfile.lock\" \"${PODS_ROOT}/Manifest.lock\" > /dev/null\nif [ $? != 0 ] ; then\n    # print error to STDERR\n    echo \"error: The sandbox is not in sync with the Podfile.lock. Run 'pod install' or update your CocoaPods installation.\" >&2\n    exit 1\nfi\n# This output is used by Xcode 'outputs' to avoid re-running this script phase.\necho \"SUCCESS\" > \"${SCRIPT_OUTPUT_FILE_0}\"\n";
			showEnvVarsInLog = 0;
		};
/* End PBXShellScriptBuildPhase section */

/* Begin PBXSourcesBuildPhase section */
		18981960235DB2DD0015ED66 /* Sources */ = {
			isa = PBXSourcesBuildPhase;
			buildActionMask = 2147483647;
			files = (
				1898196C235DB2DD0015ED66 /* LoginViewController.swift in Sources */,
				18981968235DB2DD0015ED66 /* AppDelegate.swift in Sources */,
				18E71BF623618B85000A9B99 /* CommonVariables.swift in Sources */,
				188521D1236055B40075E3E6 /* ListViewModel.swift in Sources */,
				1808BCC923605D3D0066D4BF /* Issue.swift in Sources */,
				18ADE3662362DE4B00E505F5 /* BaseViewModel.swift in Sources */,
				182632BC235EA8B20024825B /* DetailViewController.swift in Sources */,
				18ADE3642362D63300E505F5 /* IssueSummaryTableViewCell.swift in Sources */,
				18ADE36A2362EBD600E505F5 /* Label.swift in Sources */,
				18ADE360236299BB00E505F5 /* BaseModel.swift in Sources */,
				18ADE3702362F29A00E505F5 /* CommentTableViewCell.swift in Sources */,
				188521CF236055A70075E3E6 /* APIManager.swift in Sources */,
				18ADE3722362F2A300E505F5 /* LabelTableViewCell.swift in Sources */,
				182632BA235EA8A30024825B /* ListViewController.swift in Sources */,
				1808BCD0236064620066D4BF /* ViewController+LoadingViewable.swift in Sources */,
				18ADE3742362F2B300E505F5 /* AssigneeTableViewCell.swift in Sources */,
				18CA27772364129B001D6ECB /* DetailViewController+ConfigureCells.swift in Sources */,
				18ADE35E2362944400E505F5 /* GetIssuesByPage.graphql in Sources */,
				1808BCCD23605E3E0066D4BF /* Comment.swift in Sources */,
				18ADE3762362F6CA00E505F5 /* UIColor+Hex.swift in Sources */,
				1898196A235DB2DD0015ED66 /* SceneDelegate.swift in Sources */,
				188521D3236055C20075E3E6 /* DetailViewModel.swift in Sources */,
				188521D5236055DB0075E3E6 /* LoginViewModel.swift in Sources */,
				1808BCCB23605E250066D4BF /* User.swift in Sources */,
				18ADE36E2362F27E00E505F5 /* IssueAuthorTableViewCell.swift in Sources */,
			);
			runOnlyForDeploymentPostprocessing = 0;
		};
/* End PBXSourcesBuildPhase section */

/* Begin PBXVariantGroup section */
		1898196D235DB2DD0015ED66 /* Main.storyboard */ = {
			isa = PBXVariantGroup;
			children = (
				1898196E235DB2DD0015ED66 /* Base */,
			);
			name = Main.storyboard;
			sourceTree = "<group>";
		};
		18981972235DB2DF0015ED66 /* LaunchScreen.storyboard */ = {
			isa = PBXVariantGroup;
			children = (
				18981973235DB2DF0015ED66 /* Base */,
			);
			name = LaunchScreen.storyboard;
			sourceTree = "<group>";
		};
/* End PBXVariantGroup section */

/* Begin XCBuildConfiguration section */
		18981976235DB2DF0015ED66 /* Debug */ = {
			isa = XCBuildConfiguration;
			buildSettings = {
				ALWAYS_SEARCH_USER_PATHS = NO;
				CLANG_ANALYZER_NONNULL = YES;
				CLANG_ANALYZER_NUMBER_OBJECT_CONVERSION = YES_AGGRESSIVE;
				CLANG_CXX_LANGUAGE_STANDARD = "gnu++14";
				CLANG_CXX_LIBRARY = "libc++";
				CLANG_ENABLE_MODULES = YES;
				CLANG_ENABLE_OBJC_ARC = YES;
				CLANG_ENABLE_OBJC_WEAK = YES;
				CLANG_WARN_BLOCK_CAPTURE_AUTORELEASING = YES;
				CLANG_WARN_BOOL_CONVERSION = YES;
				CLANG_WARN_COMMA = YES;
				CLANG_WARN_CONSTANT_CONVERSION = YES;
				CLANG_WARN_DEPRECATED_OBJC_IMPLEMENTATIONS = YES;
				CLANG_WARN_DIRECT_OBJC_ISA_USAGE = YES_ERROR;
				CLANG_WARN_DOCUMENTATION_COMMENTS = YES;
				CLANG_WARN_EMPTY_BODY = YES;
				CLANG_WARN_ENUM_CONVERSION = YES;
				CLANG_WARN_INFINITE_RECURSION = YES;
				CLANG_WARN_INT_CONVERSION = YES;
				CLANG_WARN_NON_LITERAL_NULL_CONVERSION = YES;
				CLANG_WARN_OBJC_IMPLICIT_RETAIN_SELF = YES;
				CLANG_WARN_OBJC_LITERAL_CONVERSION = YES;
				CLANG_WARN_OBJC_ROOT_CLASS = YES_ERROR;
				CLANG_WARN_RANGE_LOOP_ANALYSIS = YES;
				CLANG_WARN_STRICT_PROTOTYPES = YES;
				CLANG_WARN_SUSPICIOUS_MOVE = YES;
				CLANG_WARN_UNGUARDED_AVAILABILITY = YES_AGGRESSIVE;
				CLANG_WARN_UNREACHABLE_CODE = YES;
				CLANG_WARN__DUPLICATE_METHOD_MATCH = YES;
				COPY_PHASE_STRIP = NO;
				DEBUG_INFORMATION_FORMAT = dwarf;
				ENABLE_STRICT_OBJC_MSGSEND = YES;
				ENABLE_TESTABILITY = YES;
				GCC_C_LANGUAGE_STANDARD = gnu11;
				GCC_DYNAMIC_NO_PIC = NO;
				GCC_NO_COMMON_BLOCKS = YES;
				GCC_OPTIMIZATION_LEVEL = 0;
				GCC_PREPROCESSOR_DEFINITIONS = (
					"DEBUG=1",
					"$(inherited)",
				);
				GCC_WARN_64_TO_32_BIT_CONVERSION = YES;
				GCC_WARN_ABOUT_RETURN_TYPE = YES_ERROR;
				GCC_WARN_UNDECLARED_SELECTOR = YES;
				GCC_WARN_UNINITIALIZED_AUTOS = YES_AGGRESSIVE;
				GCC_WARN_UNUSED_FUNCTION = YES;
				GCC_WARN_UNUSED_VARIABLE = YES;
				IPHONEOS_DEPLOYMENT_TARGET = 13.1;
				MTL_ENABLE_DEBUG_INFO = INCLUDE_SOURCE;
				MTL_FAST_MATH = YES;
				ONLY_ACTIVE_ARCH = YES;
				SDKROOT = iphoneos;
				SWIFT_ACTIVE_COMPILATION_CONDITIONS = DEBUG;
				SWIFT_OPTIMIZATION_LEVEL = "-Onone";
			};
			name = Debug;
		};
		18981977235DB2DF0015ED66 /* Release */ = {
			isa = XCBuildConfiguration;
			buildSettings = {
				ALWAYS_SEARCH_USER_PATHS = NO;
				CLANG_ANALYZER_NONNULL = YES;
				CLANG_ANALYZER_NUMBER_OBJECT_CONVERSION = YES_AGGRESSIVE;
				CLANG_CXX_LANGUAGE_STANDARD = "gnu++14";
				CLANG_CXX_LIBRARY = "libc++";
				CLANG_ENABLE_MODULES = YES;
				CLANG_ENABLE_OBJC_ARC = YES;
				CLANG_ENABLE_OBJC_WEAK = YES;
				CLANG_WARN_BLOCK_CAPTURE_AUTORELEASING = YES;
				CLANG_WARN_BOOL_CONVERSION = YES;
				CLANG_WARN_COMMA = YES;
				CLANG_WARN_CONSTANT_CONVERSION = YES;
				CLANG_WARN_DEPRECATED_OBJC_IMPLEMENTATIONS = YES;
				CLANG_WARN_DIRECT_OBJC_ISA_USAGE = YES_ERROR;
				CLANG_WARN_DOCUMENTATION_COMMENTS = YES;
				CLANG_WARN_EMPTY_BODY = YES;
				CLANG_WARN_ENUM_CONVERSION = YES;
				CLANG_WARN_INFINITE_RECURSION = YES;
				CLANG_WARN_INT_CONVERSION = YES;
				CLANG_WARN_NON_LITERAL_NULL_CONVERSION = YES;
				CLANG_WARN_OBJC_IMPLICIT_RETAIN_SELF = YES;
				CLANG_WARN_OBJC_LITERAL_CONVERSION = YES;
				CLANG_WARN_OBJC_ROOT_CLASS = YES_ERROR;
				CLANG_WARN_RANGE_LOOP_ANALYSIS = YES;
				CLANG_WARN_STRICT_PROTOTYPES = YES;
				CLANG_WARN_SUSPICIOUS_MOVE = YES;
				CLANG_WARN_UNGUARDED_AVAILABILITY = YES_AGGRESSIVE;
				CLANG_WARN_UNREACHABLE_CODE = YES;
				CLANG_WARN__DUPLICATE_METHOD_MATCH = YES;
				COPY_PHASE_STRIP = NO;
				DEBUG_INFORMATION_FORMAT = "dwarf-with-dsym";
				ENABLE_NS_ASSERTIONS = NO;
				ENABLE_STRICT_OBJC_MSGSEND = YES;
				GCC_C_LANGUAGE_STANDARD = gnu11;
				GCC_NO_COMMON_BLOCKS = YES;
				GCC_WARN_64_TO_32_BIT_CONVERSION = YES;
				GCC_WARN_ABOUT_RETURN_TYPE = YES_ERROR;
				GCC_WARN_UNDECLARED_SELECTOR = YES;
				GCC_WARN_UNINITIALIZED_AUTOS = YES_AGGRESSIVE;
				GCC_WARN_UNUSED_FUNCTION = YES;
				GCC_WARN_UNUSED_VARIABLE = YES;
				IPHONEOS_DEPLOYMENT_TARGET = 13.1;
				MTL_ENABLE_DEBUG_INFO = NO;
				MTL_FAST_MATH = YES;
				SDKROOT = iphoneos;
				SWIFT_COMPILATION_MODE = wholemodule;
				SWIFT_OPTIMIZATION_LEVEL = "-O";
				VALIDATE_PRODUCT = YES;
			};
			name = Release;
		};
		18981979235DB2DF0015ED66 /* Debug */ = {
			isa = XCBuildConfiguration;
			baseConfigurationReference = F8E663C85FC67F8068D84076 /* Pods-LittleLife.debug.xcconfig */;
			buildSettings = {
				ASSETCATALOG_COMPILER_APPICON_NAME = AppIcon;
				CODE_SIGN_STYLE = Automatic;
				DEVELOPMENT_TEAM = HHK59FK8Y7;
				INFOPLIST_FILE = LittleLife/Info.plist;
				LD_RUNPATH_SEARCH_PATHS = (
					"$(inherited)",
					"@executable_path/Frameworks",
				);
				PRODUCT_BUNDLE_IDENTIFIER = t5.sample.LittleLife;
				PRODUCT_NAME = "$(TARGET_NAME)";
				SWIFT_VERSION = 5.0;
				TARGETED_DEVICE_FAMILY = "1,2";
			};
			name = Debug;
		};
		1898197A235DB2DF0015ED66 /* Release */ = {
			isa = XCBuildConfiguration;
			baseConfigurationReference = E8D00AFB9931DE7E31757CA0 /* Pods-LittleLife.release.xcconfig */;
			buildSettings = {
				ASSETCATALOG_COMPILER_APPICON_NAME = AppIcon;
				CODE_SIGN_STYLE = Automatic;
				DEVELOPMENT_TEAM = HHK59FK8Y7;
				INFOPLIST_FILE = LittleLife/Info.plist;
				LD_RUNPATH_SEARCH_PATHS = (
					"$(inherited)",
					"@executable_path/Frameworks",
				);
				PRODUCT_BUNDLE_IDENTIFIER = t5.sample.LittleLife;
				PRODUCT_NAME = "$(TARGET_NAME)";
				SWIFT_VERSION = 5.0;
				TARGETED_DEVICE_FAMILY = "1,2";
			};
			name = Release;
		};
/* End XCBuildConfiguration section */

/* Begin XCConfigurationList section */
		1898195F235DB2DD0015ED66 /* Build configuration list for PBXProject "LittleLife" */ = {
			isa = XCConfigurationList;
			buildConfigurations = (
				18981976235DB2DF0015ED66 /* Debug */,
				18981977235DB2DF0015ED66 /* Release */,
			);
			defaultConfigurationIsVisible = 0;
			defaultConfigurationName = Release;
		};
		18981978235DB2DF0015ED66 /* Build configuration list for PBXNativeTarget "LittleLife" */ = {
			isa = XCConfigurationList;
			buildConfigurations = (
				18981979235DB2DF0015ED66 /* Debug */,
				1898197A235DB2DF0015ED66 /* Release */,
			);
			defaultConfigurationIsVisible = 0;
			defaultConfigurationName = Release;
		};
/* End XCConfigurationList section */
	};
	rootObject = 1898195C235DB2DD0015ED66 /* Project object */;
}
